
Microsoft Visual Studio Solution File, Format Version 12.00
# Visual Studio 15
VisualStudioVersion = 15.0.28307.438
MinimumVisualStudioVersion = 10.0.40219.1
Project("{FAE04EC0-301F-11D3-BF4B-00C04F79EFBC}") = "SimpleThreadingDemo", "SimpleThreadingDemo\SimpleThreadingDemo.csproj", "{337C54A4-B28E-4212-845F-C400531CED61}"
EndProject
Project("{FAE04EC0-301F-11D3-BF4B-00C04F79EFBC}") = "SingleInstance", "Mutex\SingleInstance.csproj", "{5AA146AC-1337-404D-B2DE-1E11CFCBDB7A}"
EndProject
Project("{FAE04EC0-301F-11D3-BF4B-00C04F79EFBC}") = "ThreadPoolDemo", "ThreadPoolDemo\ThreadPoolDemo.csproj", "{E15F2AA0-A571-430A-B3C3-3BEA0D244D7C}"
EndProject
Project("{FAE04EC0-301F-11D3-BF4B-00C04F79EFBC}") = "SerializePeople", "SerializePeople\SerializePeople.csproj", "{CDCE7938-123D-4F77-B238-72078BAE6981}"
EndProject
Global
	GlobalSection(SolutionConfigurationPlatforms) = preSolution
		Debug|Any CPU = Debug|Any CPU
		Release|Any CPU = Release|Any CPU
	EndGlobalSection
	GlobalSection(ProjectConfigurationPlatforms) = postSolution
		{337C54A4-B28E-4212-845F-C400531CED61}.Debug|Any CPU.ActiveCfg = Debug|Any CPU
		{337C54A4-B28E-4212-845F-C400531CED61}.Debug|Any CPU.Build.0 = Debug|Any CPU
		{337C54A4-B28E-4212-845F-C400531CED61}.Release|Any CPU.ActiveCfg = Release|Any CPU
		{337C54A4-B28E-4212-845F-C400531CED61}.Release|Any CPU.Build.0 = Release|Any CPU
		{5AA146AC-1337-404D-B2DE-1E11CFCBDB7A}.Debug|Any CPU.ActiveCfg = Debug|Any CPU
		{5AA146AC-1337-404D-B2DE-1E11CFCBDB7A}.Debug|Any CPU.Build.0 = Debug|Any CPU
		{5AA146AC-1337-404D-B2DE-1E11CFCBDB7A}.Release|Any CPU.ActiveCfg = Release|Any CPU
		{5AA146AC-1337-404D-B2DE-1E11CFCBDB7A}.Release|Any CPU.Build.0 = Release|Any CPU
		{E15F2AA0-A571-430A-B3C3-3BEA0D244D7C}.Debug|Any CPU.ActiveCfg = Debug|Any CPU
		{E15F2AA0-A571-430A-B3C3-3BEA0D244D7C}.Debug|Any CPU.Build.0 = Debug|Any CPU
		{E15F2AA0-A571-430A-B3C3-3BEA0D244D7C}.Release|Any CPU.ActiveCfg = Release|Any CPU
		{E15F2AA0-A571-430A-B3C3-3BEA0D244D7C}.Release|Any CPU.Build.0 = Release|Any CPU
		{CDCE7938-123D-4F77-B238-72078BAE6981}.Debug|Any CPU.ActiveCfg = Debug|Any CPU
		{CDCE7938-123D-4F77-B238-72078BAE6981}.Debug|Any CPU.Build.0 = Debug|Any CPU
		{CDCE7938-123D-4F77-B238-72078BAE6981}.Release|Any CPU.ActiveCfg = Release|Any CPU
		{CDCE7938-123D-4F77-B238-72078BAE6981}.Release|Any CPU.Build.0 = Release|Any CPU
	EndGlobalSection
	GlobalSection(SolutionProperties) = preSolution
		HideSolutionNode = FALSE
	EndGlobalSection
	GlobalSection(ExtensibilityGlobals) = postSolution
		SolutionGuid = {F38C48C9-36CA-4BFD-B612-0ED1C5941433}
	EndGlobalSection
EndGlobal
